// !$*UTF8*$!
{
	archiveVersion = 1;
	classes = {
	};
	objectVersion = 52;
	objects = {

/* Begin PBXBuildFile section */
		CD2CC5A826C3847300E7EFEA /* AppDelegate.swift in Sources */ = {isa = PBXBuildFile; fileRef = CD2CC5A726C3847300E7EFEA /* AppDelegate.swift */; };
		CD2CC5AA26C3847300E7EFEA /* SceneDelegate.swift in Sources */ = {isa = PBXBuildFile; fileRef = CD2CC5A926C3847300E7EFEA /* SceneDelegate.swift */; };
		CD2CC5AC26C3847300E7EFEA /* ViewController.swift in Sources */ = {isa = PBXBuildFile; fileRef = CD2CC5AB26C3847300E7EFEA /* ViewController.swift */; };
		CD2CC5AF26C3847300E7EFEA /* Main.storyboard in Resources */ = {isa = PBXBuildFile; fileRef = CD2CC5AD26C3847300E7EFEA /* Main.storyboard */; };
		CD2CC5B126C3847400E7EFEA /* Assets.xcassets in Resources */ = {isa = PBXBuildFile; fileRef = CD2CC5B026C3847400E7EFEA /* Assets.xcassets */; };
		CD2CC5B426C3847400E7EFEA /* LaunchScreen.storyboard in Resources */ = {isa = PBXBuildFile; fileRef = CD2CC5B226C3847400E7EFEA /* LaunchScreen.storyboard */; };
		CD2CC5BD26C3854F00E7EFEA /* Realm in Frameworks */ = {isa = PBXBuildFile; productRef = CD2CC5BC26C3854F00E7EFEA /* Realm */; };
		CD2CC5BF26C3854F00E7EFEA /* RealmSwift in Frameworks */ = {isa = PBXBuildFile; productRef = CD2CC5BE26C3854F00E7EFEA /* RealmSwift */; };
		CD2CC5C126C3902800E7EFEA /* Memo.swift in Sources */ = {isa = PBXBuildFile; fileRef = CD2CC5C026C3902800E7EFEA /* Memo.swift */; };
/* End PBXBuildFile section */

/* Begin PBXFileReference section */
		CD2CC5A426C3847300E7EFEA /* RealmiOS.app */ = {isa = PBXFileReference; explicitFileType = wrapper.application; includeInIndex = 0; path = RealmiOS.app; sourceTree = BUILT_PRODUCTS_DIR; };
		CD2CC5A726C3847300E7EFEA /* AppDelegate.swift */ = {isa = PBXFileReference; lastKnownFileType = sourcecode.swift; path = AppDelegate.swift; sourceTree = "<group>"; };
		CD2CC5A926C3847300E7EFEA /* SceneDelegate.swift */ = {isa = PBXFileReference; lastKnownFileType = sourcecode.swift; path = SceneDelegate.swift; sourceTree = "<group>"; };
		CD2CC5AB26C3847300E7EFEA /* ViewController.swift */ = {isa = PBXFileReference; lastKnownFileType = sourcecode.swift; path = ViewController.swift; sourceTree = "<group>"; };
		CD2CC5AE26C3847300E7EFEA /* Base */ = {isa = PBXFileReference; lastKnownFileType = file.storyboard; name = Base; path = Base.lproj/Main.storyboard; sourceTree = "<group>"; };
		CD2CC5B026C3847400E7EFEA /* Assets.xcassets */ = {isa = PBXFileReference; lastKnownFileType = folder.assetcatalog; path = Assets.xcassets; sourceTree = "<group>"; };
		CD2CC5B326C3847400E7EFEA /* Base */ = {isa = PBXFileReference; lastKnownFileType = file.storyboard; name = Base; path = Base.lproj/LaunchScreen.storyboard; sourceTree = "<group>"; };
		CD2CC5B526C3847400E7EFEA /* Info.plist */ = {isa = PBXFileReference; lastKnownFileType = text.plist.xml; path = Info.plist; sourceTree = "<group>"; };
		CD2CC5C026C3902800E7EFEA /* Memo.swift */ = {isa = PBXFileReference; lastKnownFileType = sourcecode.swift; path = Memo.swift; sourceTree = "<group>"; };
/* End PBXFileReference section */

/* Begin PBXFrameworksBuildPhase section */
		CD2CC5A126C3847300E7EFEA /* Frameworks */ = {
			isa = PBXFrameworksBuildPhase;
			buildActionMask = 2147483647;
			files = (
				CD2CC5BF26C3854F00E7EFEA /* RealmSwift in Frameworks */,
				CD2CC5BD26C3854F00E7EFEA /* Realm in Frameworks */,
			);
			runOnlyForDeploymentPostprocessing = 0;
		};
/* End PBXFrameworksBuildPhase section */

/* Begin PBXGroup section */
		CD2CC59B26C3847300E7EFEA = {
			isa = PBXGroup;
			children = (
				CD2CC5A626C3847300E7EFEA /* RealmiOS */,
				CD2CC5A526C3847300E7EFEA /* Products */,
			);
			sourceTree = "<group>";
		};
		CD2CC5A526C3847300E7EFEA /* Products */ = {
			isa = PBXGroup;
			children = (
				CD2CC5A426C3847300E7EFEA /* RealmiOS.app */,
			);
			name = Products;
			sourceTree = "<group>";
		};
		CD2CC5A626C3847300E7EFEA /* RealmiOS */ = {
			isa = PBXGroup;
			children = (
				CD2CC5A726C3847300E7EFEA /* AppDelegate.swift */,
				CD2CC5A926C3847300E7EFEA /* SceneDelegate.swift */,
				CD2CC5AB26C3847300E7EFEA /* ViewController.swift */,
				CD2CC5AD26C3847300E7EFEA /* Main.storyboard */,
				CD2CC5B026C3847400E7EFEA /* Assets.xcassets */,
				CD2CC5B226C3847400E7EFEA /* LaunchScreen.storyboard */,
				CD2CC5B526C3847400E7EFEA /* Info.plist */,
				CD2CC5C026C3902800E7EFEA /* Memo.swift */,
			);
			path = RealmiOS;
			sourceTree = "<group>";
		};
/* End PBXGroup section */

/* Begin PBXNativeTarget section */
		CD2CC5A326C3847300E7EFEA /* RealmiOS */ = {
			isa = PBXNativeTarget;
			buildConfigurationList = CD2CC5B826C3847400E7EFEA /* Build configuration list for PBXNativeTarget "RealmiOS" */;
			buildPhases = (
				CD2CC5A026C3847300E7EFEA /* Sources */,
				CD2CC5A126C3847300E7EFEA /* Frameworks */,
				CD2CC5A226C3847300E7EFEA /* Resources */,
			);
			buildRules = (
			);
			dependencies = (
			);
			name = RealmiOS;
			packageProductDependencies = (
				CD2CC5BC26C3854F00E7EFEA /* Realm */,
				CD2CC5BE26C3854F00E7EFEA /* RealmSwift */,
			);
			productName = RealmiOS;
			productReference = CD2CC5A426C3847300E7EFEA /* RealmiOS.app */;
			productType = "com.apple.product-type.application";
		};
/* End PBXNativeTarget section */

/* Begin PBXProject section */
		CD2CC59C26C3847300E7EFEA /* Project object */ = {
			isa = PBXProject;
			attributes = {
				LastSwiftUpdateCheck = 1250;
				LastUpgradeCheck = 1250;
				TargetAttributes = {
					CD2CC5A326C3847300E7EFEA = {
						CreatedOnToolsVersion = 12.5.1;
					};
				};
			};
			buildConfigurationList = CD2CC59F26C3847300E7EFEA /* Build configuration list for PBXProject "RealmiOS" */;
			compatibilityVersion = "Xcode 9.3";
			developmentRegion = en;
			hasScannedForEncodings = 0;
			knownRegions = (
				en,
				Base,
			);
			mainGroup = CD2CC59B26C3847300E7EFEA;
			packageReferences = (
				CD2CC5BB26C3854F00E7EFEA /* XCRemoteSwiftPackageReference "realm-cocoa" */,
			);
			productRefGroup = CD2CC5A526C3847300E7EFEA /* Products */;
			projectDirPath = "";
			projectRoot = "";
			targets = (
				CD2CC5A326C3847300E7EFEA /* RealmiOS */,
			);
		};
/* End PBXProject section */

/* Begin PBXResourcesBuildPhase section */
		CD2CC5A226C3847300E7EFEA /* Resources */ = {
			isa = PBXResourcesBuildPhase;
			buildActionMask = 2147483647;
			files = (
				CD2CC5B426C3847400E7EFEA /* LaunchScreen.storyboard in Resources */,
				CD2CC5B126C3847400E7EFEA /* Assets.xcassets in Resources */,
				CD2CC5AF26C3847300E7EFEA /* Main.storyboard in Resources */,
			);
			runOnlyForDeploymentPostprocessing = 0;
		};
/* End PBXResourcesBuildPhase section */

/* Begin PBXSourcesBuildPhase section */
		CD2CC5A026C3847300E7EFEA /* Sources */ = {
			isa = PBXSourcesBuildPhase;
			buildActionMask = 2147483647;
			files = (
				CD2CC5AC26C3847300E7EFEA /* ViewController.swift in Sources */,
				CD2CC5A826C3847300E7EFEA /* AppDelegate.swift in Sources */,
				CD2CC5AA26C3847300E7EFEA /* SceneDelegate.swift in Sources */,
				CD2CC5C126C3902800E7EFEA /* Memo.swift in Sources */,
			);
			runOnlyForDeploymentPostprocessing = 0;
		};
/* End PBXSourcesBuildPhase section */

/* Begin PBXVariantGroup section */
		CD2CC5AD26C3847300E7EFEA /* Main.storyboard */ = {
			isa = PBXVariantGroup;
			children = (
				CD2CC5AE26C3847300E7EFEA /* Base */,
			);
			name = Main.storyboard;
			sourceTree = "<group>";
		};
		CD2CC5B226C3847400E7EFEA /* LaunchScreen.storyboard */ = {
			isa = PBXVariantGroup;
			children = (
				CD2CC5B326C3847400E7EFEA /* Base */,
			);
			name = LaunchScreen.storyboard;
			sourceTree = "<group>";
		};
/* End PBXVariantGroup section */

/* Begin XCBuildConfiguration section */
		CD2CC5B626C3847400E7EFEA /* Debug */ = {
			isa = XCBuildConfiguration;
			buildSettings = {
				ALWAYS_SEARCH_USER_PATHS = NO;
				CLANG_ANALYZER_NONNULL = YES;
				CLANG_ANALYZER_NUMBER_OBJECT_CONVERSION = YES_AGGRESSIVE;
				CLANG_CXX_LANGUAGE_STANDARD = "gnu++14";
				CLANG_CXX_LIBRARY = "libc++";
				CLANG_ENABLE_MODULES = YES;
				CLANG_ENABLE_OBJC_ARC = YES;
				CLANG_ENABLE_OBJC_WEAK = YES;
				CLANG_WARN_BLOCK_CAPTURE_AUTORELEASING = YES;
				CLANG_WARN_BOOL_CONVERSION = YES;
				CLANG_WARN_COMMA = YES;
				CLANG_WARN_CONSTANT_CONVERSION = YES;
				CLANG_WARN_DEPRECATED_OBJC_IMPLEMENTATIONS = YES;
				CLANG_WARN_DIRECT_OBJC_ISA_USAGE = YES_ERROR;
				CLANG_WARN_DOCUMENTATION_COMMENTS = YES;
				CLANG_WARN_EMPTY_BODY = YES;
				CLANG_WARN_ENUM_CONVERSION = YES;
				CLANG_WARN_INFINITE_RECURSION = YES;
				CLANG_WARN_INT_CONVERSION = YES;
				CLANG_WARN_NON_LITERAL_NULL_CONVERSION = YES;
				CLANG_WARN_OBJC_IMPLICIT_RETAIN_SELF = YES;
				CLANG_WARN_OBJC_LITERAL_CONVERSION = YES;
				CLANG_WARN_OBJC_ROOT_CLASS = YES_ERROR;
				CLANG_WARN_QUOTED_INCLUDE_IN_FRAMEWORK_HEADER = YES;
				CLANG_WARN_RANGE_LOOP_ANALYSIS = YES;
				CLANG_WARN_STRICT_PROTOTYPES = YES;
				CLANG_WARN_SUSPICIOUS_MOVE = YES;
				CLANG_WARN_UNGUARDED_AVAILABILITY = YES_AGGRESSIVE;
				CLANG_WARN_UNREACHABLE_CODE = YES;
				CLANG_WARN__DUPLICATE_METHOD_MATCH = YES;
				COPY_PHASE_STRIP = NO;
				DEBUG_INFORMATION_FORMAT = dwarf;
				ENABLE_STRICT_OBJC_MSGSEND = YES;
				ENABLE_TESTABILITY = YES;
				GCC_C_LANGUAGE_STANDARD = gnu11;
				GCC_DYNAMIC_NO_PIC = NO;
				GCC_NO_COMMON_BLOCKS = YES;
				GCC_OPTIMIZATION_LEVEL = 0;
				GCC_PREPROCESSOR_DEFINITIONS = (
					"DEBUG=1",
					"$(inherited)",
				);
				GCC_WARN_64_TO_32_BIT_CONVERSION = YES;
				GCC_WARN_ABOUT_RETURN_TYPE = YES_ERROR;
				GCC_WARN_UNDECLARED_SELECTOR = YES;
				GCC_WARN_UNINITIALIZED_AUTOS = YES_AGGRESSIVE;
				GCC_WARN_UNUSED_FUNCTION = YES;
				GCC_WARN_UNUSED_VARIABLE = YES;
				IPHONEOS_DEPLOYMENT_TARGET = 14.5;
				MTL_ENABLE_DEBUG_INFO = INCLUDE_SOURCE;
				MTL_FAST_MATH = YES;
				ONLY_ACTIVE_ARCH = YES;
				SDKROOT = iphoneos;
				SWIFT_ACTIVE_COMPILATION_CONDITIONS = DEBUG;
				SWIFT_OPTIMIZATION_LEVEL = "-Onone";
			};
			name = Debug;
		};
		CD2CC5B726C3847400E7EFEA /* Release */ = {
			isa = XCBuildConfiguration;
			buildSettings = {
				ALWAYS_SEARCH_USER_PATHS = NO;
				CLANG_ANALYZER_NONNULL = YES;
				CLANG_ANALYZER_NUMBER_OBJECT_CONVERSION = YES_AGGRESSIVE;
				CLANG_CXX_LANGUAGE_STANDARD = "gnu++14";
				CLANG_CXX_LIBRARY = "libc++";
				CLANG_ENABLE_MODULES = YES;
				CLANG_ENABLE_OBJC_ARC = YES;
				CLANG_ENABLE_OBJC_WEAK = YES;
				CLANG_WARN_BLOCK_CAPTURE_AUTORELEASING = YES;
				CLANG_WARN_BOOL_CONVERSION = YES;
				CLANG_WARN_COMMA = YES;
				CLANG_WARN_CONSTANT_CONVERSION = YES;
				CLANG_WARN_DEPRECATED_OBJC_IMPLEMENTATIONS = YES;
				CLANG_WARN_DIRECT_OBJC_ISA_USAGE = YES_ERROR;
				CLANG_WARN_DOCUMENTATION_COMMENTS = YES;
				CLANG_WARN_EMPTY_BODY = YES;
				CLANG_WARN_ENUM_CONVERSION = YES;
				CLANG_WARN_INFINITE_RECURSION = YES;
				CLANG_WARN_INT_CONVERSION = YES;
				CLANG_WARN_NON_LITERAL_NULL_CONVERSION = YES;
				CLANG_WARN_OBJC_IMPLICIT_RETAIN_SELF = YES;
				CLANG_WARN_OBJC_LITERAL_CONVERSION = YES;
				CLANG_WARN_OBJC_ROOT_CLASS = YES_ERROR;
				CLANG_WARN_QUOTED_INCLUDE_IN_FRAMEWORK_HEADER = YES;
				CLANG_WARN_RANGE_LOOP_ANALYSIS = YES;
				CLANG_WARN_STRICT_PROTOTYPES = YES;
				CLANG_WARN_SUSPICIOUS_MOVE = YES;
				CLANG_WARN_UNGUARDED_AVAILABILITY = YES_AGGRESSIVE;
				CLANG_WARN_UNREACHABLE_CODE = YES;
				CLANG_WARN__DUPLICATE_METHOD_MATCH = YES;
				COPY_PHASE_STRIP = NO;
				DEBUG_INFORMATION_FORMAT = "dwarf-with-dsym";
				ENABLE_NS_ASSERTIONS = NO;
				ENABLE_STRICT_OBJC_MSGSEND = YES;
				GCC_C_LANGUAGE_STANDARD = gnu11;
				GCC_NO_COMMON_BLOCKS = YES;
				GCC_WARN_64_TO_32_BIT_CONVERSION = YES;
				GCC_WARN_ABOUT_RETURN_TYPE = YES_ERROR;
				GCC_WARN_UNDECLARED_SELECTOR = YES;
				GCC_WARN_UNINITIALIZED_AUTOS = YES_AGGRESSIVE;
				GCC_WARN_UNUSED_FUNCTION = YES;
				GCC_WARN_UNUSED_VARIABLE = YES;
				IPHONEOS_DEPLOYMENT_TARGET = 14.5;
				MTL_ENABLE_DEBUG_INFO = NO;
				MTL_FAST_MATH = YES;
				SDKROOT = iphoneos;
				SWIFT_COMPILATION_MODE = wholemodule;
				SWIFT_OPTIMIZATION_LEVEL = "-O";
				VALIDATE_PRODUCT = YES;
			};
			name = Release;
		};
		CD2CC5B926C3847400E7EFEA /* Debug */ = {
			isa = XCBuildConfiguration;
			buildSettings = {
				ASSETCATALOG_COMPILER_APPICON_NAME = AppIcon;
				ASSETCATALOG_COMPILER_GLOBAL_ACCENT_COLOR_NAME = AccentColor;
				CODE_SIGN_STYLE = Automatic;
				DEVELOPMENT_TEAM = JNGQ362X2F;
				INFOPLIST_FILE = RealmiOS/Info.plist;
				LD_RUNPATH_SEARCH_PATHS = (
					"$(inherited)",
					"@executable_path/Frameworks",
				);
				PRODUCT_BUNDLE_IDENTIFIER = app.ogoshi.pico.RealmiOS;
				PRODUCT_NAME = "$(TARGET_NAME)";
				SWIFT_VERSION = 5.0;
				TARGETED_DEVICE_FAMILY = "1,2";
			};
			name = Debug;
		};
		CD2CC5BA26C3847400E7EFEA /* Release */ = {
			isa = XCBuildConfiguration;
			buildSettings = {
				ASSETCATALOG_COMPILER_APPICON_NAME = AppIcon;
				ASSETCATALOG_COMPILER_GLOBAL_ACCENT_COLOR_NAME = AccentColor;
				CODE_SIGN_STYLE = Automatic;
				DEVELOPMENT_TEAM = JNGQ362X2F;
				INFOPLIST_FILE = RealmiOS/Info.plist;
				LD_RUNPATH_SEARCH_PATHS = (
					"$(inherited)",
					"@executable_path/Frameworks",
				);
				PRODUCT_BUNDLE_IDENTIFIER = app.ogoshi.pico.RealmiOS;
				PRODUCT_NAME = "$(TARGET_NAME)";
				SWIFT_VERSION = 5.0;
				TARGETED_DEVICE_FAMILY = "1,2";
			};
			name = Release;
		};
/* End XCBuildConfiguration section */

/* Begin XCConfigurationList section */
		CD2CC59F26C3847300E7EFEA /* Build configuration list for PBXProject "RealmiOS" */ = {
			isa = XCConfigurationList;
			buildConfigurations = (
				CD2CC5B626C3847400E7EFEA /* Debug */,
				CD2CC5B726C3847400E7EFEA /* Release */,
			);
			defaultConfigurationIsVisible = 0;
			defaultConfigurationName = Release;
		};
		CD2CC5B826C3847400E7EFEA /* Build configuration list for PBXNativeTarget "RealmiOS" */ = {
			isa = XCConfigurationList;
			buildConfigurations = (
				CD2CC5B926C3847400E7EFEA /* Debug */,
				CD2CC5BA26C3847400E7EFEA /* Release */,
			);
			defaultConfigurationIsVisible = 0;
			defaultConfigurationName = Release;
		};
/* End XCConfigurationList section */

/* Begin XCRemoteSwiftPackageReference section */
		CD2CC5BB26C3854F00E7EFEA /* XCRemoteSwiftPackageReference "realm-cocoa" */ = {
			isa = XCRemoteSwiftPackageReference;
			repositoryURL = "https://github.com/realm/realm-cocoa";
			requirement = {
				kind = upToNextMajorVersion;
				minimumVersion = 10.12.0;
			};
		};
/* End XCRemoteSwiftPackageReference section */

/* Begin XCSwiftPackageProductDependency section */
		CD2CC5BC26C3854F00E7EFEA /* Realm */ = {
			isa = XCSwiftPackageProductDependency;
			package = CD2CC5BB26C3854F00E7EFEA /* XCRemoteSwiftPackageReference "realm-cocoa" */;
			productName = Realm;
		};
		CD2CC5BE26C3854F00E7EFEA /* RealmSwift */ = {
			isa = XCSwiftPackageProductDependency;
			package = CD2CC5BB26C3854F00E7EFEA /* XCRemoteSwiftPackageReference "realm-cocoa" */;
			productName = RealmSwift;
		};
/* End XCSwiftPackageProductDependency section */
	};
	rootObject = CD2CC59C26C3847300E7EFEA /* Project object */;
}
